// !$*UTF8*$!
{
	archiveVersion = 1;
	classes = {
	};
	objectVersion = 56;
	objects = {

/* Begin PBXBuildFile section */
		8F19AF4A2ACC815A00F3F8C9 /* Clerk in Frameworks */ = {isa = PBXBuildFile; productRef = 8F19AF492ACC815A00F3F8C9 /* Clerk */; };
		8F38A77A2AD0A9AE00C6E248 /* SignInExampleView.swift in Sources */ = {isa = PBXBuildFile; fileRef = 8F38A7792AD0A9AE00C6E248 /* SignInExampleView.swift */; };
		8F38A77E2AD0AC3E00C6E248 /* ExamplesListView.swift in Sources */ = {isa = PBXBuildFile; fileRef = 8F38A77D2AD0AC3E00C6E248 /* ExamplesListView.swift */; };
		8F67B6D22ACB0EF60047FFE4 /* ClerkExampleApp.swift in Sources */ = {isa = PBXBuildFile; fileRef = 8F67B6D12ACB0EF60047FFE4 /* ClerkExampleApp.swift */; };
		8F67B6D42ACB0EF60047FFE4 /* ContentView.swift in Sources */ = {isa = PBXBuildFile; fileRef = 8F67B6D32ACB0EF60047FFE4 /* ContentView.swift */; };
		8F67B6D62ACB0EF70047FFE4 /* Assets.xcassets in Resources */ = {isa = PBXBuildFile; fileRef = 8F67B6D52ACB0EF70047FFE4 /* Assets.xcassets */; };
		8F67B6DA2ACB0EF70047FFE4 /* Preview Assets.xcassets in Resources */ = {isa = PBXBuildFile; fileRef = 8F67B6D92ACB0EF70047FFE4 /* Preview Assets.xcassets */; };
		8F67B6E32ACB10970047FFE4 /* Clerk in Frameworks */ = {isa = PBXBuildFile; productRef = 8F67B6E22ACB10970047FFE4 /* Clerk */; };
/* End PBXBuildFile section */

/* Begin PBXFileReference section */
		8F38A7792AD0A9AE00C6E248 /* SignInExampleView.swift */ = {isa = PBXFileReference; lastKnownFileType = sourcecode.swift; path = SignInExampleView.swift; sourceTree = "<group>"; };
		8F38A77D2AD0AC3E00C6E248 /* ExamplesListView.swift */ = {isa = PBXFileReference; lastKnownFileType = sourcecode.swift; path = ExamplesListView.swift; sourceTree = "<group>"; };
		8F67B6CE2ACB0EF60047FFE4 /* ClerkExample.app */ = {isa = PBXFileReference; explicitFileType = wrapper.application; includeInIndex = 0; path = ClerkExample.app; sourceTree = BUILT_PRODUCTS_DIR; };
		8F67B6D12ACB0EF60047FFE4 /* ClerkExampleApp.swift */ = {isa = PBXFileReference; lastKnownFileType = sourcecode.swift; path = ClerkExampleApp.swift; sourceTree = "<group>"; };
		8F67B6D32ACB0EF60047FFE4 /* ContentView.swift */ = {isa = PBXFileReference; lastKnownFileType = sourcecode.swift; path = ContentView.swift; sourceTree = "<group>"; };
		8F67B6D52ACB0EF70047FFE4 /* Assets.xcassets */ = {isa = PBXFileReference; lastKnownFileType = folder.assetcatalog; path = Assets.xcassets; sourceTree = "<group>"; };
		8F67B6D72ACB0EF70047FFE4 /* ClerkExample.entitlements */ = {isa = PBXFileReference; lastKnownFileType = text.plist.entitlements; path = ClerkExample.entitlements; sourceTree = "<group>"; };
		8F67B6D92ACB0EF70047FFE4 /* Preview Assets.xcassets */ = {isa = PBXFileReference; lastKnownFileType = folder.assetcatalog; path = "Preview Assets.xcassets"; sourceTree = "<group>"; };
		8F67B6E02ACB0FA20047FFE4 /* clerk-ios */ = {isa = PBXFileReference; lastKnownFileType = wrapper; name = "clerk-ios"; path = ..; sourceTree = "<group>"; };
/* End PBXFileReference section */

/* Begin PBXFrameworksBuildPhase section */
		8F67B6CB2ACB0EF60047FFE4 /* Frameworks */ = {
			isa = PBXFrameworksBuildPhase;
			buildActionMask = 2147483647;
			files = (
				8F19AF4A2ACC815A00F3F8C9 /* Clerk in Frameworks */,
				8F67B6E32ACB10970047FFE4 /* Clerk in Frameworks */,
			);
			runOnlyForDeploymentPostprocessing = 0;
		};
/* End PBXFrameworksBuildPhase section */

/* Begin PBXGroup section */
		8F67B6C52ACB0EF60047FFE4 = {
			isa = PBXGroup;
			children = (
				8F67B6E02ACB0FA20047FFE4 /* clerk-ios */,
				8F67B6D02ACB0EF60047FFE4 /* ClerkExample */,
				8F67B6CF2ACB0EF60047FFE4 /* Products */,
			);
			sourceTree = "<group>";
		};
		8F67B6CF2ACB0EF60047FFE4 /* Products */ = {
			isa = PBXGroup;
			children = (
				8F67B6CE2ACB0EF60047FFE4 /* ClerkExample.app */,
			);
			name = Products;
			sourceTree = "<group>";
		};
		8F67B6D02ACB0EF60047FFE4 /* ClerkExample */ = {
			isa = PBXGroup;
			children = (
				8F67B6D12ACB0EF60047FFE4 /* ClerkExampleApp.swift */,
				8F38A77D2AD0AC3E00C6E248 /* ExamplesListView.swift */,
				8F67B6D32ACB0EF60047FFE4 /* ContentView.swift */,
				8F38A7792AD0A9AE00C6E248 /* SignInExampleView.swift */,
				8F67B6D52ACB0EF70047FFE4 /* Assets.xcassets */,
				8F67B6D72ACB0EF70047FFE4 /* ClerkExample.entitlements */,
				8F67B6D82ACB0EF70047FFE4 /* Preview Content */,
			);
			path = ClerkExample;
			sourceTree = "<group>";
		};
		8F67B6D82ACB0EF70047FFE4 /* Preview Content */ = {
			isa = PBXGroup;
			children = (
				8F67B6D92ACB0EF70047FFE4 /* Preview Assets.xcassets */,
			);
			path = "Preview Content";
			sourceTree = "<group>";
		};
/* End PBXGroup section */

/* Begin PBXNativeTarget section */
		8F67B6CD2ACB0EF60047FFE4 /* ClerkExample */ = {
			isa = PBXNativeTarget;
			buildConfigurationList = 8F67B6DD2ACB0EF70047FFE4 /* Build configuration list for PBXNativeTarget "ClerkExample" */;
			buildPhases = (
				8F67B6CA2ACB0EF60047FFE4 /* Sources */,
				8F67B6CB2ACB0EF60047FFE4 /* Frameworks */,
				8F67B6CC2ACB0EF60047FFE4 /* Resources */,
			);
			buildRules = (
			);
			dependencies = (
			);
			name = ClerkExample;
			packageProductDependencies = (
				8F67B6E22ACB10970047FFE4 /* Clerk */,
				8F19AF492ACC815A00F3F8C9 /* Clerk */,
			);
			productName = ClerkExample;
			productReference = 8F67B6CE2ACB0EF60047FFE4 /* ClerkExample.app */;
			productType = "com.apple.product-type.application";
		};
/* End PBXNativeTarget section */

/* Begin PBXProject section */
		8F67B6C62ACB0EF60047FFE4 /* Project object */ = {
			isa = PBXProject;
			attributes = {
				BuildIndependentTargetsInParallel = 1;
				LastSwiftUpdateCheck = 1500;
				LastUpgradeCheck = 1500;
				TargetAttributes = {
					8F67B6CD2ACB0EF60047FFE4 = {
						CreatedOnToolsVersion = 15.0;
					};
				};
			};
			buildConfigurationList = 8F67B6C92ACB0EF60047FFE4 /* Build configuration list for PBXProject "ClerkExample" */;
			compatibilityVersion = "Xcode 14.0";
			developmentRegion = en;
			hasScannedForEncodings = 0;
			knownRegions = (
				en,
				Base,
			);
			mainGroup = 8F67B6C52ACB0EF60047FFE4;
			packageReferences = (
				8F19AF482ACC815A00F3F8C9 /* XCRemoteSwiftPackageReference "clerk-ios" */,
			);
			productRefGroup = 8F67B6CF2ACB0EF60047FFE4 /* Products */;
			projectDirPath = "";
			projectRoot = "";
			targets = (
				8F67B6CD2ACB0EF60047FFE4 /* ClerkExample */,
			);
		};
/* End PBXProject section */

/* Begin PBXResourcesBuildPhase section */
		8F67B6CC2ACB0EF60047FFE4 /* Resources */ = {
			isa = PBXResourcesBuildPhase;
			buildActionMask = 2147483647;
			files = (
				8F67B6DA2ACB0EF70047FFE4 /* Preview Assets.xcassets in Resources */,
				8F67B6D62ACB0EF70047FFE4 /* Assets.xcassets in Resources */,
			);
			runOnlyForDeploymentPostprocessing = 0;
		};
/* End PBXResourcesBuildPhase section */

/* Begin PBXSourcesBuildPhase section */
		8F67B6CA2ACB0EF60047FFE4 /* Sources */ = {
			isa = PBXSourcesBuildPhase;
			buildActionMask = 2147483647;
			files = (
				8F38A77A2AD0A9AE00C6E248 /* SignInExampleView.swift in Sources */,
				8F67B6D42ACB0EF60047FFE4 /* ContentView.swift in Sources */,
				8F67B6D22ACB0EF60047FFE4 /* ClerkExampleApp.swift in Sources */,
				8F38A77E2AD0AC3E00C6E248 /* ExamplesListView.swift in Sources */,
			);
			runOnlyForDeploymentPostprocessing = 0;
		};
/* End PBXSourcesBuildPhase section */

/* Begin XCBuildConfiguration section */
		8F67B6DB2ACB0EF70047FFE4 /* Debug */ = {
			isa = XCBuildConfiguration;
			buildSettings = {
				ALWAYS_SEARCH_USER_PATHS = NO;
				ASSETCATALOG_COMPILER_GENERATE_SWIFT_ASSET_SYMBOL_EXTENSIONS = YES;
				CLANG_ANALYZER_NONNULL = YES;
				CLANG_ANALYZER_NUMBER_OBJECT_CONVERSION = YES_AGGRESSIVE;
				CLANG_CXX_LANGUAGE_STANDARD = "gnu++20";
				CLANG_ENABLE_MODULES = YES;
				CLANG_ENABLE_OBJC_ARC = YES;
				CLANG_ENABLE_OBJC_WEAK = YES;
				CLANG_WARN_BLOCK_CAPTURE_AUTORELEASING = YES;
				CLANG_WARN_BOOL_CONVERSION = YES;
				CLANG_WARN_COMMA = YES;
				CLANG_WARN_CONSTANT_CONVERSION = YES;
				CLANG_WARN_DEPRECATED_OBJC_IMPLEMENTATIONS = YES;
				CLANG_WARN_DIRECT_OBJC_ISA_USAGE = YES_ERROR;
				CLANG_WARN_DOCUMENTATION_COMMENTS = YES;
				CLANG_WARN_EMPTY_BODY = YES;
				CLANG_WARN_ENUM_CONVERSION = YES;
				CLANG_WARN_INFINITE_RECURSION = YES;
				CLANG_WARN_INT_CONVERSION = YES;
				CLANG_WARN_NON_LITERAL_NULL_CONVERSION = YES;
				CLANG_WARN_OBJC_IMPLICIT_RETAIN_SELF = YES;
				CLANG_WARN_OBJC_LITERAL_CONVERSION = YES;
				CLANG_WARN_OBJC_ROOT_CLASS = YES_ERROR;
				CLANG_WARN_QUOTED_INCLUDE_IN_FRAMEWORK_HEADER = YES;
				CLANG_WARN_RANGE_LOOP_ANALYSIS = YES;
				CLANG_WARN_STRICT_PROTOTYPES = YES;
				CLANG_WARN_SUSPICIOUS_MOVE = YES;
				CLANG_WARN_UNGUARDED_AVAILABILITY = YES_AGGRESSIVE;
				CLANG_WARN_UNREACHABLE_CODE = YES;
				CLANG_WARN__DUPLICATE_METHOD_MATCH = YES;
				COPY_PHASE_STRIP = NO;
				DEBUG_INFORMATION_FORMAT = dwarf;
				ENABLE_STRICT_OBJC_MSGSEND = YES;
				ENABLE_TESTABILITY = YES;
				ENABLE_USER_SCRIPT_SANDBOXING = YES;
				GCC_C_LANGUAGE_STANDARD = gnu17;
				GCC_DYNAMIC_NO_PIC = NO;
				GCC_NO_COMMON_BLOCKS = YES;
				GCC_OPTIMIZATION_LEVEL = 0;
				GCC_PREPROCESSOR_DEFINITIONS = (
					"DEBUG=1",
					"$(inherited)",
				);
				GCC_WARN_64_TO_32_BIT_CONVERSION = YES;
				GCC_WARN_ABOUT_RETURN_TYPE = YES_ERROR;
				GCC_WARN_UNDECLARED_SELECTOR = YES;
				GCC_WARN_UNINITIALIZED_AUTOS = YES_AGGRESSIVE;
				GCC_WARN_UNUSED_FUNCTION = YES;
				GCC_WARN_UNUSED_VARIABLE = YES;
				IPHONEOS_DEPLOYMENT_TARGET = 16.0;
				LOCALIZATION_PREFERS_STRING_CATALOGS = YES;
				MACOSX_DEPLOYMENT_TARGET = 13.0;
				MTL_ENABLE_DEBUG_INFO = INCLUDE_SOURCE;
				MTL_FAST_MATH = YES;
				ONLY_ACTIVE_ARCH = YES;
				SWIFT_ACTIVE_COMPILATION_CONDITIONS = "DEBUG $(inherited)";
				SWIFT_OPTIMIZATION_LEVEL = "-Onone";
			};
			name = Debug;
		};
		8F67B6DC2ACB0EF70047FFE4 /* Release */ = {
			isa = XCBuildConfiguration;
			buildSettings = {
				ALWAYS_SEARCH_USER_PATHS = NO;
				ASSETCATALOG_COMPILER_GENERATE_SWIFT_ASSET_SYMBOL_EXTENSIONS = YES;
				CLANG_ANALYZER_NONNULL = YES;
				CLANG_ANALYZER_NUMBER_OBJECT_CONVERSION = YES_AGGRESSIVE;
				CLANG_CXX_LANGUAGE_STANDARD = "gnu++20";
				CLANG_ENABLE_MODULES = YES;
				CLANG_ENABLE_OBJC_ARC = YES;
				CLANG_ENABLE_OBJC_WEAK = YES;
				CLANG_WARN_BLOCK_CAPTURE_AUTORELEASING = YES;
				CLANG_WARN_BOOL_CONVERSION = YES;
				CLANG_WARN_COMMA = YES;
				CLANG_WARN_CONSTANT_CONVERSION = YES;
				CLANG_WARN_DEPRECATED_OBJC_IMPLEMENTATIONS = YES;
				CLANG_WARN_DIRECT_OBJC_ISA_USAGE = YES_ERROR;
				CLANG_WARN_DOCUMENTATION_COMMENTS = YES;
				CLANG_WARN_EMPTY_BODY = YES;
				CLANG_WARN_ENUM_CONVERSION = YES;
				CLANG_WARN_INFINITE_RECURSION = YES;
				CLANG_WARN_INT_CONVERSION = YES;
				CLANG_WARN_NON_LITERAL_NULL_CONVERSION = YES;
				CLANG_WARN_OBJC_IMPLICIT_RETAIN_SELF = YES;
				CLANG_WARN_OBJC_LITERAL_CONVERSION = YES;
				CLANG_WARN_OBJC_ROOT_CLASS = YES_ERROR;
				CLANG_WARN_QUOTED_INCLUDE_IN_FRAMEWORK_HEADER = YES;
				CLANG_WARN_RANGE_LOOP_ANALYSIS = YES;
				CLANG_WARN_STRICT_PROTOTYPES = YES;
				CLANG_WARN_SUSPICIOUS_MOVE = YES;
				CLANG_WARN_UNGUARDED_AVAILABILITY = YES_AGGRESSIVE;
				CLANG_WARN_UNREACHABLE_CODE = YES;
				CLANG_WARN__DUPLICATE_METHOD_MATCH = YES;
				COPY_PHASE_STRIP = NO;
				DEBUG_INFORMATION_FORMAT = "dwarf-with-dsym";
				ENABLE_NS_ASSERTIONS = NO;
				ENABLE_STRICT_OBJC_MSGSEND = YES;
				ENABLE_USER_SCRIPT_SANDBOXING = YES;
				GCC_C_LANGUAGE_STANDARD = gnu17;
				GCC_NO_COMMON_BLOCKS = YES;
				GCC_WARN_64_TO_32_BIT_CONVERSION = YES;
				GCC_WARN_ABOUT_RETURN_TYPE = YES_ERROR;
				GCC_WARN_UNDECLARED_SELECTOR = YES;
				GCC_WARN_UNINITIALIZED_AUTOS = YES_AGGRESSIVE;
				GCC_WARN_UNUSED_FUNCTION = YES;
				GCC_WARN_UNUSED_VARIABLE = YES;
				IPHONEOS_DEPLOYMENT_TARGET = 16.0;
				LOCALIZATION_PREFERS_STRING_CATALOGS = YES;
				MACOSX_DEPLOYMENT_TARGET = 13.0;
				MTL_ENABLE_DEBUG_INFO = NO;
				MTL_FAST_MATH = YES;
				SWIFT_COMPILATION_MODE = wholemodule;
			};
			name = Release;
		};
		8F67B6DE2ACB0EF70047FFE4 /* Debug */ = {
			isa = XCBuildConfiguration;
			buildSettings = {
				ASSETCATALOG_COMPILER_APPICON_NAME = AppIcon;
				ASSETCATALOG_COMPILER_GLOBAL_ACCENT_COLOR_NAME = AccentColor;
				CODE_SIGN_ENTITLEMENTS = ClerkExample/ClerkExample.entitlements;
				CODE_SIGN_STYLE = Automatic;
				CURRENT_PROJECT_VERSION = 1;
				DEVELOPMENT_ASSET_PATHS = "\"ClerkExample/Preview Content\"";
				DEVELOPMENT_TEAM = L8SD6SB282;
				ENABLE_HARDENED_RUNTIME = YES;
				ENABLE_PREVIEWS = YES;
				GENERATE_INFOPLIST_FILE = YES;
				"INFOPLIST_KEY_UIApplicationSceneManifest_Generation[sdk=iphoneos*]" = YES;
				"INFOPLIST_KEY_UIApplicationSceneManifest_Generation[sdk=iphonesimulator*]" = YES;
				"INFOPLIST_KEY_UIApplicationSupportsIndirectInputEvents[sdk=iphoneos*]" = YES;
				"INFOPLIST_KEY_UIApplicationSupportsIndirectInputEvents[sdk=iphonesimulator*]" = YES;
				"INFOPLIST_KEY_UILaunchScreen_Generation[sdk=iphoneos*]" = YES;
				"INFOPLIST_KEY_UILaunchScreen_Generation[sdk=iphonesimulator*]" = YES;
				"INFOPLIST_KEY_UIStatusBarStyle[sdk=iphoneos*]" = UIStatusBarStyleDefault;
				"INFOPLIST_KEY_UIStatusBarStyle[sdk=iphonesimulator*]" = UIStatusBarStyleDefault;
				INFOPLIST_KEY_UISupportedInterfaceOrientations_iPad = "UIInterfaceOrientationPortrait UIInterfaceOrientationPortraitUpsideDown UIInterfaceOrientationLandscapeLeft UIInterfaceOrientationLandscapeRight";
				INFOPLIST_KEY_UISupportedInterfaceOrientations_iPhone = "UIInterfaceOrientationPortrait UIInterfaceOrientationLandscapeLeft UIInterfaceOrientationLandscapeRight";
				IPHONEOS_DEPLOYMENT_TARGET = 16.0;
				LD_RUNPATH_SEARCH_PATHS = "@executable_path/Frameworks";
				"LD_RUNPATH_SEARCH_PATHS[sdk=macosx*]" = "@executable_path/../Frameworks";
				MACOSX_DEPLOYMENT_TARGET = 13.0;
				MARKETING_VERSION = 1.0;
				PRODUCT_BUNDLE_IDENTIFIER = com.clerk.ClerkExample;
				PRODUCT_NAME = "$(TARGET_NAME)";
				SDKROOT = auto;
				SUPPORTED_PLATFORMS = "appletvos appletvsimulator iphoneos iphonesimulator macosx";
				SUPPORTS_MACCATALYST = NO;
				SWIFT_EMIT_LOC_STRINGS = YES;
				SWIFT_VERSION = 5.0;
				TARGETED_DEVICE_FAMILY = "1,2,3";
			};
			name = Debug;
		};
		8F67B6DF2ACB0EF70047FFE4 /* Release */ = {
			isa = XCBuildConfiguration;
			buildSettings = {
				ASSETCATALOG_COMPILER_APPICON_NAME = AppIcon;
				ASSETCATALOG_COMPILER_GLOBAL_ACCENT_COLOR_NAME = AccentColor;
				CODE_SIGN_ENTITLEMENTS = ClerkExample/ClerkExample.entitlements;
				CODE_SIGN_STYLE = Automatic;
				CURRENT_PROJECT_VERSION = 1;
				DEVELOPMENT_ASSET_PATHS = "\"ClerkExample/Preview Content\"";
				DEVELOPMENT_TEAM = L8SD6SB282;
				ENABLE_HARDENED_RUNTIME = YES;
				ENABLE_PREVIEWS = YES;
				GENERATE_INFOPLIST_FILE = YES;
				"INFOPLIST_KEY_UIApplicationSceneManifest_Generation[sdk=iphoneos*]" = YES;
				"INFOPLIST_KEY_UIApplicationSceneManifest_Generation[sdk=iphonesimulator*]" = YES;
				"INFOPLIST_KEY_UIApplicationSupportsIndirectInputEvents[sdk=iphoneos*]" = YES;
				"INFOPLIST_KEY_UIApplicationSupportsIndirectInputEvents[sdk=iphonesimulator*]" = YES;
				"INFOPLIST_KEY_UILaunchScreen_Generation[sdk=iphoneos*]" = YES;
				"INFOPLIST_KEY_UILaunchScreen_Generation[sdk=iphonesimulator*]" = YES;
				"INFOPLIST_KEY_UIStatusBarStyle[sdk=iphoneos*]" = UIStatusBarStyleDefault;
				"INFOPLIST_KEY_UIStatusBarStyle[sdk=iphonesimulator*]" = UIStatusBarStyleDefault;
				INFOPLIST_KEY_UISupportedInterfaceOrientations_iPad = "UIInterfaceOrientationPortrait UIInterfaceOrientationPortraitUpsideDown UIInterfaceOrientationLandscapeLeft UIInterfaceOrientationLandscapeRight";
				INFOPLIST_KEY_UISupportedInterfaceOrientations_iPhone = "UIInterfaceOrientationPortrait UIInterfaceOrientationLandscapeLeft UIInterfaceOrientationLandscapeRight";
				IPHONEOS_DEPLOYMENT_TARGET = 16.0;
				LD_RUNPATH_SEARCH_PATHS = "@executable_path/Frameworks";
				"LD_RUNPATH_SEARCH_PATHS[sdk=macosx*]" = "@executable_path/../Frameworks";
				MACOSX_DEPLOYMENT_TARGET = 13.0;
				MARKETING_VERSION = 1.0;
				PRODUCT_BUNDLE_IDENTIFIER = com.clerk.ClerkExample;
				PRODUCT_NAME = "$(TARGET_NAME)";
				SDKROOT = auto;
				SUPPORTED_PLATFORMS = "appletvos appletvsimulator iphoneos iphonesimulator macosx";
				SUPPORTS_MACCATALYST = NO;
				SWIFT_EMIT_LOC_STRINGS = YES;
				SWIFT_VERSION = 5.0;
				TARGETED_DEVICE_FAMILY = "1,2,3";
			};
			name = Release;
		};
/* End XCBuildConfiguration section */

/* Begin XCConfigurationList section */
		8F67B6C92ACB0EF60047FFE4 /* Build configuration list for PBXProject "ClerkExample" */ = {
			isa = XCConfigurationList;
			buildConfigurations = (
				8F67B6DB2ACB0EF70047FFE4 /* Debug */,
				8F67B6DC2ACB0EF70047FFE4 /* Release */,
			);
			defaultConfigurationIsVisible = 0;
			defaultConfigurationName = Release;
		};
		8F67B6DD2ACB0EF70047FFE4 /* Build configuration list for PBXNativeTarget "ClerkExample" */ = {
			isa = XCConfigurationList;
			buildConfigurations = (
				8F67B6DE2ACB0EF70047FFE4 /* Debug */,
				8F67B6DF2ACB0EF70047FFE4 /* Release */,
			);
			defaultConfigurationIsVisible = 0;
			defaultConfigurationName = Release;
		};
/* End XCConfigurationList section */

/* Begin XCRemoteSwiftPackageReference section */
		8F19AF482ACC815A00F3F8C9 /* XCRemoteSwiftPackageReference "clerk-ios" */ = {
			isa = XCRemoteSwiftPackageReference;
			repositoryURL = "git@github.com:clerkinc/clerk-ios.git";
			requirement = {
				branch = main;
				kind = branch;
			};
		};
/* End XCRemoteSwiftPackageReference section */

/* Begin XCSwiftPackageProductDependency section */
		8F19AF492ACC815A00F3F8C9 /* Clerk */ = {
			isa = XCSwiftPackageProductDependency;
			package = 8F19AF482ACC815A00F3F8C9 /* XCRemoteSwiftPackageReference "clerk-ios" */;
			productName = Clerk;
		};
		8F67B6E22ACB10970047FFE4 /* Clerk */ = {
			isa = XCSwiftPackageProductDependency;
			productName = Clerk;
		};
/* End XCSwiftPackageProductDependency section */
	};
	rootObject = 8F67B6C62ACB0EF60047FFE4 /* Project object */;
}
